
Microsoft Visual Studio Solution File, Format Version 12.00
# Visual Studio Version 17
VisualStudioVersion = 17.7.34024.191
MinimumVisualStudioVersion = 10.0.40219.1
Project("{FAE04EC0-301F-11D3-BF4B-00C04F79EFBC}") = "HW_C_Sharp_Finalizing_Disposing", "HW_C_Sharp_Finalizing_Disposing\HW_C_Sharp_Finalizing_Disposing.csproj", "{6542B487-8074-4F67-98B3-0A97B294B8D0}"
EndProject
Global
	GlobalSection(SolutionConfigurationPlatforms) = preSolution
		Debug|Any CPU = Debug|Any CPU
		Release|Any CPU = Release|Any CPU
	EndGlobalSection
	GlobalSection(ProjectConfigurationPlatforms) = postSolution
		{6542B487-8074-4F67-98B3-0A97B294B8D0}.Debug|Any CPU.ActiveCfg = Debug|Any CPU
		{6542B487-8074-4F67-98B3-0A97B294B8D0}.Debug|Any CPU.Build.0 = Debug|Any CPU
		{6542B487-8074-4F67-98B3-0A97B294B8D0}.Release|Any CPU.ActiveCfg = Release|Any CPU
		{6542B487-8074-4F67-98B3-0A97B294B8D0}.Release|Any CPU.Build.0 = Release|Any CPU
	EndGlobalSection
	GlobalSection(SolutionProperties) = preSolution
		HideSolutionNode = FALSE
	EndGlobalSection
	GlobalSection(ExtensibilityGlobals) = postSolution
		SolutionGuid = {87E55920-5D78-4F46-8E02-EEA12610825E}
	EndGlobalSection
EndGlobal
